
Microsoft Visual Studio Solution File, Format Version 12.00
# Visual Studio Version 17
VisualStudioVersion = 17.7.34018.315
MinimumVisualStudioVersion = 10.0.40219.1
Project("{FAE04EC0-301F-11D3-BF4B-00C04F79EFBC}") = "1er problema.03", "1er problema.03\1er problema.03.csproj", "{E7A9DFA7-7F92-42EE-BDFF-E405A2C88C56}"
EndProject
Global
	GlobalSection(SolutionConfigurationPlatforms) = preSolution
		Debug|Any CPU = Debug|Any CPU
		Release|Any CPU = Release|Any CPU
	EndGlobalSection
	GlobalSection(ProjectConfigurationPlatforms) = postSolution
		{E7A9DFA7-7F92-42EE-BDFF-E405A2C88C56}.Debug|Any CPU.ActiveCfg = Debug|Any CPU
		{E7A9DFA7-7F92-42EE-BDFF-E405A2C88C56}.Debug|Any CPU.Build.0 = Debug|Any CPU
		{E7A9DFA7-7F92-42EE-BDFF-E405A2C88C56}.Release|Any CPU.ActiveCfg = Release|Any CPU
		{E7A9DFA7-7F92-42EE-BDFF-E405A2C88C56}.Release|Any CPU.Build.0 = Release|Any CPU
	EndGlobalSection
	GlobalSection(SolutionProperties) = preSolution
		HideSolutionNode = FALSE
	EndGlobalSection
	GlobalSection(ExtensibilityGlobals) = postSolution
		SolutionGuid = {F4CA2AC1-4815-4234-A6E4-E3376A5364D2}
	EndGlobalSection
EndGlobal
